// !$*UTF8*$!
{
	archiveVersion = 1;
	classes = {
	};
	objectVersion = 50;
	objects = {

/* Begin PBXBuildFile section */
		7FAB183C25A68EC7000025D3 /* AppDelegate.swift in Sources */ = {isa = PBXBuildFile; fileRef = 7FAB183B25A68EC7000025D3 /* AppDelegate.swift */; };
		7FAB183E25A68EC7000025D3 /* SceneDelegate.swift in Sources */ = {isa = PBXBuildFile; fileRef = 7FAB183D25A68EC7000025D3 /* SceneDelegate.swift */; };
		7FAB184025A68EC7000025D3 /* ViewController.swift in Sources */ = {isa = PBXBuildFile; fileRef = 7FAB183F25A68EC7000025D3 /* ViewController.swift */; };
		7FAB184325A68EC7000025D3 /* Main.storyboard in Resources */ = {isa = PBXBuildFile; fileRef = 7FAB184125A68EC7000025D3 /* Main.storyboard */; };
		7FAB184525A68ECB000025D3 /* Assets.xcassets in Resources */ = {isa = PBXBuildFile; fileRef = 7FAB184425A68ECB000025D3 /* Assets.xcassets */; };
		7FAB184825A68ECB000025D3 /* LaunchScreen.storyboard in Resources */ = {isa = PBXBuildFile; fileRef = 7FAB184625A68ECB000025D3 /* LaunchScreen.storyboard */; };
		7FAB185325A68ECB000025D3 /* graducalcTests.swift in Sources */ = {isa = PBXBuildFile; fileRef = 7FAB185225A68ECB000025D3 /* graducalcTests.swift */; };
		7FAB185E25A68ECB000025D3 /* graducalcUITests.swift in Sources */ = {isa = PBXBuildFile; fileRef = 7FAB185D25A68ECB000025D3 /* graducalcUITests.swift */; };
/* End PBXBuildFile section */

/* Begin PBXContainerItemProxy section */
		7FAB184F25A68ECB000025D3 /* PBXContainerItemProxy */ = {
			isa = PBXContainerItemProxy;
			containerPortal = 7FAB183025A68EC7000025D3 /* Project object */;
			proxyType = 1;
			remoteGlobalIDString = 7FAB183725A68EC7000025D3;
			remoteInfo = graducalc;
		};
		7FAB185A25A68ECB000025D3 /* PBXContainerItemProxy */ = {
			isa = PBXContainerItemProxy;
			containerPortal = 7FAB183025A68EC7000025D3 /* Project object */;
			proxyType = 1;
			remoteGlobalIDString = 7FAB183725A68EC7000025D3;
			remoteInfo = graducalc;
		};
/* End PBXContainerItemProxy section */

/* Begin PBXFileReference section */
		7FAB183825A68EC7000025D3 /* graducalc.app */ = {isa = PBXFileReference; explicitFileType = wrapper.application; includeInIndex = 0; path = graducalc.app; sourceTree = BUILT_PRODUCTS_DIR; };
		7FAB183B25A68EC7000025D3 /* AppDelegate.swift */ = {isa = PBXFileReference; lastKnownFileType = sourcecode.swift; path = AppDelegate.swift; sourceTree = "<group>"; };
		7FAB183D25A68EC7000025D3 /* SceneDelegate.swift */ = {isa = PBXFileReference; lastKnownFileType = sourcecode.swift; path = SceneDelegate.swift; sourceTree = "<group>"; };
		7FAB183F25A68EC7000025D3 /* ViewController.swift */ = {isa = PBXFileReference; lastKnownFileType = sourcecode.swift; path = ViewController.swift; sourceTree = "<group>"; };
		7FAB184225A68EC7000025D3 /* Base */ = {isa = PBXFileReference; lastKnownFileType = file.storyboard; name = Base; path = Base.lproj/Main.storyboard; sourceTree = "<group>"; };
		7FAB184425A68ECB000025D3 /* Assets.xcassets */ = {isa = PBXFileReference; lastKnownFileType = folder.assetcatalog; path = Assets.xcassets; sourceTree = "<group>"; };
		7FAB184725A68ECB000025D3 /* Base */ = {isa = PBXFileReference; lastKnownFileType = file.storyboard; name = Base; path = Base.lproj/LaunchScreen.storyboard; sourceTree = "<group>"; };
		7FAB184925A68ECB000025D3 /* Info.plist */ = {isa = PBXFileReference; lastKnownFileType = text.plist.xml; path = Info.plist; sourceTree = "<group>"; };
		7FAB184E25A68ECB000025D3 /* graducalcTests.xctest */ = {isa = PBXFileReference; explicitFileType = wrapper.cfbundle; includeInIndex = 0; path = graducalcTests.xctest; sourceTree = BUILT_PRODUCTS_DIR; };
		7FAB185225A68ECB000025D3 /* graducalcTests.swift */ = {isa = PBXFileReference; lastKnownFileType = sourcecode.swift; path = graducalcTests.swift; sourceTree = "<group>"; };
		7FAB185425A68ECB000025D3 /* Info.plist */ = {isa = PBXFileReference; lastKnownFileType = text.plist.xml; path = Info.plist; sourceTree = "<group>"; };
		7FAB185925A68ECB000025D3 /* graducalcUITests.xctest */ = {isa = PBXFileReference; explicitFileType = wrapper.cfbundle; includeInIndex = 0; path = graducalcUITests.xctest; sourceTree = BUILT_PRODUCTS_DIR; };
		7FAB185D25A68ECB000025D3 /* graducalcUITests.swift */ = {isa = PBXFileReference; lastKnownFileType = sourcecode.swift; path = graducalcUITests.swift; sourceTree = "<group>"; };
		7FAB185F25A68ECB000025D3 /* Info.plist */ = {isa = PBXFileReference; lastKnownFileType = text.plist.xml; path = Info.plist; sourceTree = "<group>"; };
/* End PBXFileReference section */

/* Begin PBXFrameworksBuildPhase section */
		7FAB183525A68EC7000025D3 /* Frameworks */ = {
			isa = PBXFrameworksBuildPhase;
			buildActionMask = 2147483647;
			files = (
			);
			runOnlyForDeploymentPostprocessing = 0;
		};
		7FAB184B25A68ECB000025D3 /* Frameworks */ = {
			isa = PBXFrameworksBuildPhase;
			buildActionMask = 2147483647;
			files = (
			);
			runOnlyForDeploymentPostprocessing = 0;
		};
		7FAB185625A68ECB000025D3 /* Frameworks */ = {
			isa = PBXFrameworksBuildPhase;
			buildActionMask = 2147483647;
			files = (
			);
			runOnlyForDeploymentPostprocessing = 0;
		};
/* End PBXFrameworksBuildPhase section */

/* Begin PBXGroup section */
		7FAB182F25A68EC7000025D3 = {
			isa = PBXGroup;
			children = (
				7FAB183A25A68EC7000025D3 /* graducalc */,
				7FAB185125A68ECB000025D3 /* graducalcTests */,
				7FAB185C25A68ECB000025D3 /* graducalcUITests */,
				7FAB183925A68EC7000025D3 /* Products */,
			);
			sourceTree = "<group>";
		};
		7FAB183925A68EC7000025D3 /* Products */ = {
			isa = PBXGroup;
			children = (
				7FAB183825A68EC7000025D3 /* graducalc.app */,
				7FAB184E25A68ECB000025D3 /* graducalcTests.xctest */,
				7FAB185925A68ECB000025D3 /* graducalcUITests.xctest */,
			);
			name = Products;
			sourceTree = "<group>";
		};
		7FAB183A25A68EC7000025D3 /* graducalc */ = {
			isa = PBXGroup;
			children = (
				7FAB183B25A68EC7000025D3 /* AppDelegate.swift */,
				7FAB183D25A68EC7000025D3 /* SceneDelegate.swift */,
				7FAB183F25A68EC7000025D3 /* ViewController.swift */,
				7FAB184125A68EC7000025D3 /* Main.storyboard */,
				7FAB184425A68ECB000025D3 /* Assets.xcassets */,
				7FAB184625A68ECB000025D3 /* LaunchScreen.storyboard */,
				7FAB184925A68ECB000025D3 /* Info.plist */,
			);
			path = graducalc;
			sourceTree = "<group>";
		};
		7FAB185125A68ECB000025D3 /* graducalcTests */ = {
			isa = PBXGroup;
			children = (
				7FAB185225A68ECB000025D3 /* graducalcTests.swift */,
				7FAB185425A68ECB000025D3 /* Info.plist */,
			);
			path = graducalcTests;
			sourceTree = "<group>";
		};
		7FAB185C25A68ECB000025D3 /* graducalcUITests */ = {
			isa = PBXGroup;
			children = (
				7FAB185D25A68ECB000025D3 /* graducalcUITests.swift */,
				7FAB185F25A68ECB000025D3 /* Info.plist */,
			);
			path = graducalcUITests;
			sourceTree = "<group>";
		};
/* End PBXGroup section */

/* Begin PBXNativeTarget section */
		7FAB183725A68EC7000025D3 /* graducalc */ = {
			isa = PBXNativeTarget;
			buildConfigurationList = 7FAB186225A68ECB000025D3 /* Build configuration list for PBXNativeTarget "graducalc" */;
			buildPhases = (
				7FAB183425A68EC7000025D3 /* Sources */,
				7FAB183525A68EC7000025D3 /* Frameworks */,
				7FAB183625A68EC7000025D3 /* Resources */,
			);
			buildRules = (
			);
			dependencies = (
			);
			name = graducalc;
			productName = graducalc;
			productReference = 7FAB183825A68EC7000025D3 /* graducalc.app */;
			productType = "com.apple.product-type.application";
		};
		7FAB184D25A68ECB000025D3 /* graducalcTests */ = {
			isa = PBXNativeTarget;
			buildConfigurationList = 7FAB186525A68ECB000025D3 /* Build configuration list for PBXNativeTarget "graducalcTests" */;
			buildPhases = (
				7FAB184A25A68ECB000025D3 /* Sources */,
				7FAB184B25A68ECB000025D3 /* Frameworks */,
				7FAB184C25A68ECB000025D3 /* Resources */,
			);
			buildRules = (
			);
			dependencies = (
				7FAB185025A68ECB000025D3 /* PBXTargetDependency */,
			);
			name = graducalcTests;
			productName = graducalcTests;
			productReference = 7FAB184E25A68ECB000025D3 /* graducalcTests.xctest */;
			productType = "com.apple.product-type.bundle.unit-test";
		};
		7FAB185825A68ECB000025D3 /* graducalcUITests */ = {
			isa = PBXNativeTarget;
			buildConfigurationList = 7FAB186825A68ECB000025D3 /* Build configuration list for PBXNativeTarget "graducalcUITests" */;
			buildPhases = (
				7FAB185525A68ECB000025D3 /* Sources */,
				7FAB185625A68ECB000025D3 /* Frameworks */,
				7FAB185725A68ECB000025D3 /* Resources */,
			);
			buildRules = (
			);
			dependencies = (
				7FAB185B25A68ECB000025D3 /* PBXTargetDependency */,
			);
			name = graducalcUITests;
			productName = graducalcUITests;
			productReference = 7FAB185925A68ECB000025D3 /* graducalcUITests.xctest */;
			productType = "com.apple.product-type.bundle.ui-testing";
		};
/* End PBXNativeTarget section */

/* Begin PBXProject section */
		7FAB183025A68EC7000025D3 /* Project object */ = {
			isa = PBXProject;
			attributes = {
				LastSwiftUpdateCheck = 1200;
				LastUpgradeCheck = 1200;
				TargetAttributes = {
					7FAB183725A68EC7000025D3 = {
						CreatedOnToolsVersion = 12.0.1;
					};
					7FAB184D25A68ECB000025D3 = {
						CreatedOnToolsVersion = 12.0.1;
						TestTargetID = 7FAB183725A68EC7000025D3;
					};
					7FAB185825A68ECB000025D3 = {
						CreatedOnToolsVersion = 12.0.1;
						TestTargetID = 7FAB183725A68EC7000025D3;
					};
				};
			};
			buildConfigurationList = 7FAB183325A68EC7000025D3 /* Build configuration list for PBXProject "graducalc" */;
			compatibilityVersion = "Xcode 9.3";
			developmentRegion = en;
			hasScannedForEncodings = 0;
			knownRegions = (
				en,
				Base,
			);
			mainGroup = 7FAB182F25A68EC7000025D3;
			productRefGroup = 7FAB183925A68EC7000025D3 /* Products */;
			projectDirPath = "";
			projectRoot = "";
			targets = (
				7FAB183725A68EC7000025D3 /* graducalc */,
				7FAB184D25A68ECB000025D3 /* graducalcTests */,
				7FAB185825A68ECB000025D3 /* graducalcUITests */,
			);
		};
/* End PBXProject section */

/* Begin PBXResourcesBuildPhase section */
		7FAB183625A68EC7000025D3 /* Resources */ = {
			isa = PBXResourcesBuildPhase;
			buildActionMask = 2147483647;
			files = (
				7FAB184825A68ECB000025D3 /* LaunchScreen.storyboard in Resources */,
				7FAB184525A68ECB000025D3 /* Assets.xcassets in Resources */,
				7FAB184325A68EC7000025D3 /* Main.storyboard in Resources */,
			);
			runOnlyForDeploymentPostprocessing = 0;
		};
		7FAB184C25A68ECB000025D3 /* Resources */ = {
			isa = PBXResourcesBuildPhase;
			buildActionMask = 2147483647;
			files = (
			);
			runOnlyForDeploymentPostprocessing = 0;
		};
		7FAB185725A68ECB000025D3 /* Resources */ = {
			isa = PBXResourcesBuildPhase;
			buildActionMask = 2147483647;
			files = (
			);
			runOnlyForDeploymentPostprocessing = 0;
		};
/* End PBXResourcesBuildPhase section */

/* Begin PBXSourcesBuildPhase section */
		7FAB183425A68EC7000025D3 /* Sources */ = {
			isa = PBXSourcesBuildPhase;
			buildActionMask = 2147483647;
			files = (
				7FAB184025A68EC7000025D3 /* ViewController.swift in Sources */,
				7FAB183C25A68EC7000025D3 /* AppDelegate.swift in Sources */,
				7FAB183E25A68EC7000025D3 /* SceneDelegate.swift in Sources */,
			);
			runOnlyForDeploymentPostprocessing = 0;
		};
		7FAB184A25A68ECB000025D3 /* Sources */ = {
			isa = PBXSourcesBuildPhase;
			buildActionMask = 2147483647;
			files = (
				7FAB185325A68ECB000025D3 /* graducalcTests.swift in Sources */,
			);
			runOnlyForDeploymentPostprocessing = 0;
		};
		7FAB185525A68ECB000025D3 /* Sources */ = {
			isa = PBXSourcesBuildPhase;
			buildActionMask = 2147483647;
			files = (
				7FAB185E25A68ECB000025D3 /* graducalcUITests.swift in Sources */,
			);
			runOnlyForDeploymentPostprocessing = 0;
		};
/* End PBXSourcesBuildPhase section */

/* Begin PBXTargetDependency section */
		7FAB185025A68ECB000025D3 /* PBXTargetDependency */ = {
			isa = PBXTargetDependency;
			target = 7FAB183725A68EC7000025D3 /* graducalc */;
			targetProxy = 7FAB184F25A68ECB000025D3 /* PBXContainerItemProxy */;
		};
		7FAB185B25A68ECB000025D3 /* PBXTargetDependency */ = {
			isa = PBXTargetDependency;
			target = 7FAB183725A68EC7000025D3 /* graducalc */;
			targetProxy = 7FAB185A25A68ECB000025D3 /* PBXContainerItemProxy */;
		};
/* End PBXTargetDependency section */

/* Begin PBXVariantGroup section */
		7FAB184125A68EC7000025D3 /* Main.storyboard */ = {
			isa = PBXVariantGroup;
			children = (
				7FAB184225A68EC7000025D3 /* Base */,
			);
			name = Main.storyboard;
			sourceTree = "<group>";
		};
		7FAB184625A68ECB000025D3 /* LaunchScreen.storyboard */ = {
			isa = PBXVariantGroup;
			children = (
				7FAB184725A68ECB000025D3 /* Base */,
			);
			name = LaunchScreen.storyboard;
			sourceTree = "<group>";
		};
/* End PBXVariantGroup section */

/* Begin XCBuildConfiguration section */
		7FAB186025A68ECB000025D3 /* Debug */ = {
			isa = XCBuildConfiguration;
			buildSettings = {
				ALWAYS_SEARCH_USER_PATHS = NO;
				CLANG_ANALYZER_NONNULL = YES;
				CLANG_ANALYZER_NUMBER_OBJECT_CONVERSION = YES_AGGRESSIVE;
				CLANG_CXX_LANGUAGE_STANDARD = "gnu++14";
				CLANG_CXX_LIBRARY = "libc++";
				CLANG_ENABLE_MODULES = YES;
				CLANG_ENABLE_OBJC_ARC = YES;
				CLANG_ENABLE_OBJC_WEAK = YES;
				CLANG_WARN_BLOCK_CAPTURE_AUTORELEASING = YES;
				CLANG_WARN_BOOL_CONVERSION = YES;
				CLANG_WARN_COMMA = YES;
				CLANG_WARN_CONSTANT_CONVERSION = YES;
				CLANG_WARN_DEPRECATED_OBJC_IMPLEMENTATIONS = YES;
				CLANG_WARN_DIRECT_OBJC_ISA_USAGE = YES_ERROR;
				CLANG_WARN_DOCUMENTATION_COMMENTS = YES;
				CLANG_WARN_EMPTY_BODY = YES;
				CLANG_WARN_ENUM_CONVERSION = YES;
				CLANG_WARN_INFINITE_RECURSION = YES;
				CLANG_WARN_INT_CONVERSION = YES;
				CLANG_WARN_NON_LITERAL_NULL_CONVERSION = YES;
				CLANG_WARN_OBJC_IMPLICIT_RETAIN_SELF = YES;
				CLANG_WARN_OBJC_LITERAL_CONVERSION = YES;
				CLANG_WARN_OBJC_ROOT_CLASS = YES_ERROR;
				CLANG_WARN_QUOTED_INCLUDE_IN_FRAMEWORK_HEADER = YES;
				CLANG_WARN_RANGE_LOOP_ANALYSIS = YES;
				CLANG_WARN_STRICT_PROTOTYPES = YES;
				CLANG_WARN_SUSPICIOUS_MOVE = YES;
				CLANG_WARN_UNGUARDED_AVAILABILITY = YES_AGGRESSIVE;
				CLANG_WARN_UNREACHABLE_CODE = YES;
				CLANG_WARN__DUPLICATE_METHOD_MATCH = YES;
				COPY_PHASE_STRIP = NO;
				DEBUG_INFORMATION_FORMAT = dwarf;
				ENABLE_STRICT_OBJC_MSGSEND = YES;
				ENABLE_TESTABILITY = YES;
				GCC_C_LANGUAGE_STANDARD = gnu11;
				GCC_DYNAMIC_NO_PIC = NO;
				GCC_NO_COMMON_BLOCKS = YES;
				GCC_OPTIMIZATION_LEVEL = 0;
				GCC_PREPROCESSOR_DEFINITIONS = (
					"DEBUG=1",
					"$(inherited)",
				);
				GCC_WARN_64_TO_32_BIT_CONVERSION = YES;
				GCC_WARN_ABOUT_RETURN_TYPE = YES_ERROR;
				GCC_WARN_UNDECLARED_SELECTOR = YES;
				GCC_WARN_UNINITIALIZED_AUTOS = YES_AGGRESSIVE;
				GCC_WARN_UNUSED_FUNCTION = YES;
				GCC_WARN_UNUSED_VARIABLE = YES;
				IPHONEOS_DEPLOYMENT_TARGET = 14.0;
				MTL_ENABLE_DEBUG_INFO = INCLUDE_SOURCE;
				MTL_FAST_MATH = YES;
				ONLY_ACTIVE_ARCH = YES;
				SDKROOT = iphoneos;
				SWIFT_ACTIVE_COMPILATION_CONDITIONS = DEBUG;
				SWIFT_OPTIMIZATION_LEVEL = "-Onone";
			};
			name = Debug;
		};
		7FAB186125A68ECB000025D3 /* Release */ = {
			isa = XCBuildConfiguration;
			buildSettings = {
				ALWAYS_SEARCH_USER_PATHS = NO;
				CLANG_ANALYZER_NONNULL = YES;
				CLANG_ANALYZER_NUMBER_OBJECT_CONVERSION = YES_AGGRESSIVE;
				CLANG_CXX_LANGUAGE_STANDARD = "gnu++14";
				CLANG_CXX_LIBRARY = "libc++";
				CLANG_ENABLE_MODULES = YES;
				CLANG_ENABLE_OBJC_ARC = YES;
				CLANG_ENABLE_OBJC_WEAK = YES;
				CLANG_WARN_BLOCK_CAPTURE_AUTORELEASING = YES;
				CLANG_WARN_BOOL_CONVERSION = YES;
				CLANG_WARN_COMMA = YES;
				CLANG_WARN_CONSTANT_CONVERSION = YES;
				CLANG_WARN_DEPRECATED_OBJC_IMPLEMENTATIONS = YES;
				CLANG_WARN_DIRECT_OBJC_ISA_USAGE = YES_ERROR;
				CLANG_WARN_DOCUMENTATION_COMMENTS = YES;
				CLANG_WARN_EMPTY_BODY = YES;
				CLANG_WARN_ENUM_CONVERSION = YES;
				CLANG_WARN_INFINITE_RECURSION = YES;
				CLANG_WARN_INT_CONVERSION = YES;
				CLANG_WARN_NON_LITERAL_NULL_CONVERSION = YES;
				CLANG_WARN_OBJC_IMPLICIT_RETAIN_SELF = YES;
				CLANG_WARN_OBJC_LITERAL_CONVERSION = YES;
				CLANG_WARN_OBJC_ROOT_CLASS = YES_ERROR;
				CLANG_WARN_QUOTED_INCLUDE_IN_FRAMEWORK_HEADER = YES;
				CLANG_WARN_RANGE_LOOP_ANALYSIS = YES;
				CLANG_WARN_STRICT_PROTOTYPES = YES;
				CLANG_WARN_SUSPICIOUS_MOVE = YES;
				CLANG_WARN_UNGUARDED_AVAILABILITY = YES_AGGRESSIVE;
				CLANG_WARN_UNREACHABLE_CODE = YES;
				CLANG_WARN__DUPLICATE_METHOD_MATCH = YES;
				COPY_PHASE_STRIP = NO;
				DEBUG_INFORMATION_FORMAT = "dwarf-with-dsym";
				ENABLE_NS_ASSERTIONS = NO;
				ENABLE_STRICT_OBJC_MSGSEND = YES;
				GCC_C_LANGUAGE_STANDARD = gnu11;
				GCC_NO_COMMON_BLOCKS = YES;
				GCC_WARN_64_TO_32_BIT_CONVERSION = YES;
				GCC_WARN_ABOUT_RETURN_TYPE = YES_ERROR;
				GCC_WARN_UNDECLARED_SELECTOR = YES;
				GCC_WARN_UNINITIALIZED_AUTOS = YES_AGGRESSIVE;
				GCC_WARN_UNUSED_FUNCTION = YES;
				GCC_WARN_UNUSED_VARIABLE = YES;
				IPHONEOS_DEPLOYMENT_TARGET = 14.0;
				MTL_ENABLE_DEBUG_INFO = NO;
				MTL_FAST_MATH = YES;
				SDKROOT = iphoneos;
				SWIFT_COMPILATION_MODE = wholemodule;
				SWIFT_OPTIMIZATION_LEVEL = "-O";
				VALIDATE_PRODUCT = YES;
			};
			name = Release;
		};
		7FAB186325A68ECB000025D3 /* Debug */ = {
			isa = XCBuildConfiguration;
			buildSettings = {
				ASSETCATALOG_COMPILER_APPICON_NAME = AppIcon;
				ASSETCATALOG_COMPILER_GLOBAL_ACCENT_COLOR_NAME = AccentColor;
				CODE_SIGN_STYLE = Automatic;
				DEVELOPMENT_TEAM = 77GN64TMH9;
				INFOPLIST_FILE = graducalc/Info.plist;
				LD_RUNPATH_SEARCH_PATHS = (
					"$(inherited)",
					"@executable_path/Frameworks",
				);
				PRODUCT_BUNDLE_IDENTIFIER = StackviewSanple.graducalc;
				PRODUCT_NAME = "$(TARGET_NAME)";
				SWIFT_VERSION = 5.0;
				TARGETED_DEVICE_FAMILY = "1,2";
			};
			name = Debug;
		};
		7FAB186425A68ECB000025D3 /* Release */ = {
			isa = XCBuildConfiguration;
			buildSettings = {
				ASSETCATALOG_COMPILER_APPICON_NAME = AppIcon;
				ASSETCATALOG_COMPILER_GLOBAL_ACCENT_COLOR_NAME = AccentColor;
				CODE_SIGN_STYLE = Automatic;
				DEVELOPMENT_TEAM = 77GN64TMH9;
				INFOPLIST_FILE = graducalc/Info.plist;
				LD_RUNPATH_SEARCH_PATHS = (
					"$(inherited)",
					"@executable_path/Frameworks",
				);
				PRODUCT_BUNDLE_IDENTIFIER = StackviewSanple.graducalc;
				PRODUCT_NAME = "$(TARGET_NAME)";
				SWIFT_VERSION = 5.0;
				TARGETED_DEVICE_FAMILY = "1,2";
			};
			name = Release;
		};
		7FAB186625A68ECB000025D3 /* Debug */ = {
			isa = XCBuildConfiguration;
			buildSettings = {
				ALWAYS_EMBED_SWIFT_STANDARD_LIBRARIES = YES;
				BUNDLE_LOADER = "$(TEST_HOST)";
				CODE_SIGN_STYLE = Automatic;
				DEVELOPMENT_TEAM = 77GN64TMH9;
				INFOPLIST_FILE = graducalcTests/Info.plist;
				IPHONEOS_DEPLOYMENT_TARGET = 14.0;
				LD_RUNPATH_SEARCH_PATHS = (
					"$(inherited)",
					"@executable_path/Frameworks",
					"@loader_path/Frameworks",
				);
				PRODUCT_BUNDLE_IDENTIFIER = StackviewSanple.graducalcTests;
				PRODUCT_NAME = "$(TARGET_NAME)";
				SWIFT_VERSION = 5.0;
				TARGETED_DEVICE_FAMILY = "1,2";
				TEST_HOST = "$(BUILT_PRODUCTS_DIR)/graducalc.app/graducalc";
			};
			name = Debug;
		};
		7FAB186725A68ECB000025D3 /* Release */ = {
			isa = XCBuildConfiguration;
			buildSettings = {
				ALWAYS_EMBED_SWIFT_STANDARD_LIBRARIES = YES;
				BUNDLE_LOADER = "$(TEST_HOST)";
				CODE_SIGN_STYLE = Automatic;
				DEVELOPMENT_TEAM = 77GN64TMH9;
				INFOPLIST_FILE = graducalcTests/Info.plist;
				IPHONEOS_DEPLOYMENT_TARGET = 14.0;
				LD_RUNPATH_SEARCH_PATHS = (
					"$(inherited)",
					"@executable_path/Frameworks",
					"@loader_path/Frameworks",
				);
				PRODUCT_BUNDLE_IDENTIFIER = StackviewSanple.graducalcTests;
				PRODUCT_NAME = "$(TARGET_NAME)";
				SWIFT_VERSION = 5.0;
				TARGETED_DEVICE_FAMILY = "1,2";
				TEST_HOST = "$(BUILT_PRODUCTS_DIR)/graducalc.app/graducalc";
			};
			name = Release;
		};
		7FAB186925A68ECB000025D3 /* Debug */ = {
			isa = XCBuildConfiguration;
			buildSettings = {
				ALWAYS_EMBED_SWIFT_STANDARD_LIBRARIES = YES;
				CODE_SIGN_STYLE = Automatic;
				DEVELOPMENT_TEAM = 77GN64TMH9;
				INFOPLIST_FILE = graducalcUITests/Info.plist;
				LD_RUNPATH_SEARCH_PATHS = (
					"$(inherited)",
					"@executable_path/Frameworks",
					"@loader_path/Frameworks",
				);
				PRODUCT_BUNDLE_IDENTIFIER = StackviewSanple.graducalcUITests;
				PRODUCT_NAME = "$(TARGET_NAME)";
				SWIFT_VERSION = 5.0;
				TARGETED_DEVICE_FAMILY = "1,2";
				TEST_TARGET_NAME = graducalc;
			};
			name = Debug;
		};
		7FAB186A25A68ECB000025D3 /* Release */ = {
			isa = XCBuildConfiguration;
			buildSettings = {
				ALWAYS_EMBED_SWIFT_STANDARD_LIBRARIES = YES;
				CODE_SIGN_STYLE = Automatic;
				DEVELOPMENT_TEAM = 77GN64TMH9;
				INFOPLIST_FILE = graducalcUITests/Info.plist;
				LD_RUNPATH_SEARCH_PATHS = (
					"$(inherited)",
					"@executable_path/Frameworks",
					"@loader_path/Frameworks",
				);
				PRODUCT_BUNDLE_IDENTIFIER = StackviewSanple.graducalcUITests;
				PRODUCT_NAME = "$(TARGET_NAME)";
				SWIFT_VERSION = 5.0;
				TARGETED_DEVICE_FAMILY = "1,2";
				TEST_TARGET_NAME = graducalc;
			};
			name = Release;
		};
/* End XCBuildConfiguration section */

/* Begin XCConfigurationList section */
		7FAB183325A68EC7000025D3 /* Build configuration list for PBXProject "graducalc" */ = {
			isa = XCConfigurationList;
			buildConfigurations = (
				7FAB186025A68ECB000025D3 /* Debug */,
				7FAB186125A68ECB000025D3 /* Release */,
			);
			defaultConfigurationIsVisible = 0;
			defaultConfigurationName = Release;
		};
		7FAB186225A68ECB000025D3 /* Build configuration list for PBXNativeTarget "graducalc" */ = {
			isa = XCConfigurationList;
			buildConfigurations = (
				7FAB186325A68ECB000025D3 /* Debug */,
				7FAB186425A68ECB000025D3 /* Release */,
			);
			defaultConfigurationIsVisible = 0;
			defaultConfigurationName = Release;
		};
		7FAB186525A68ECB000025D3 /* Build configuration list for PBXNativeTarget "graducalcTests" */ = {
			isa = XCConfigurationList;
			buildConfigurations = (
				7FAB186625A68ECB000025D3 /* Debug */,
				7FAB186725A68ECB000025D3 /* Release */,
			);
			defaultConfigurationIsVisible = 0;
			defaultConfigurationName = Release;
		};
		7FAB186825A68ECB000025D3 /* Build configuration list for PBXNativeTarget "graducalcUITests" */ = {
			isa = XCConfigurationList;
			buildConfigurations = (
				7FAB186925A68ECB000025D3 /* Debug */,
				7FAB186A25A68ECB000025D3 /* Release */,
			);
			defaultConfigurationIsVisible = 0;
			defaultConfigurationName = Release;
		};
/* End XCConfigurationList section */
	};
	rootObject = 7FAB183025A68EC7000025D3 /* Project object */;
}
